{
  "name": "agent-libos-mcp-typescript-sdk-v2-fixture",
  "version": "2.0.0",
  "lockfileVersion": 3,
  "requires": true,
  "packages": {
    "": {
      "name": "agent-libos-mcp-typescript-sdk-v2-fixture",
      "version": "2.0.0",
      "dependencies": {
        "@modelcontextprotocol/server": "2.0.0-beta.4",
        "zod": "4.2.1"
      },
      "engines": {
        "node": ">=24"
      }
    },
    "node_modules/@modelcontextprotocol/core": {
      "version": "2.0.0-beta.4",
      "resolved": "https://registry.npmjs.org/@modelcontextprotocol/core/-/core-2.0.0-beta.4.tgz",
      "integrity": "sha512-nsMXd4wQBKzmph6r+WOhum+mXjDYljTAqwY/XUg3hLtvNOQ8+JVqBSJOVCMJvx9lXhTpTOPrGZ3BuNiaNPjSvg==",
      "license": "MIT",
      "dependencies": {
        "zod": "^4.2.0"
      },
      "engines": {
        "node": ">=20"
      }
    },
    "node_modules/@modelcontextprotocol/server": {
      "version": "2.0.0-beta.4",
      "resolved": "https://registry.npmjs.org/@modelcontextprotocol/server/-/server-2.0.0-beta.4.tgz",
      "integrity": "sha512-pjMZcNEt1dOq0aJCcY3b7w1Ayh+qmQN2xlfTELcGV9yiAjEGIczBPBLWWW0k0zzo5T8kiv15jtKPsWeHGxLvLg==",
      "license": "MIT",
      "dependencies": {
        "@modelcontextprotocol/core": "2.0.0-beta.4",
        "zod": "^4.2.0"
      },
      "engines": {
        "node": ">=20"
      }
    },
    "node_modules/zod": {
      "version": "4.2.1",
      "resolved": "https://registry.npmjs.org/zod/-/zod-4.2.1.tgz",
      "integrity": "sha512-0wZ1IRqGGhMP76gLqz8EyfBXKk0J2qo2+H3fi4mcUP/KtTocoX08nmIAHl1Z2kJIZbZee8KOpBCSNPRgauucjw==",
      "license": "MIT",
      "funding": {
        "url": "https://github.com/sponsors/colinhacks"
      }
    }
  }
}
